{
  "name": "optimizeImage",
  "version": "1.0.0",
  "lockfileVersion": 1,
  "requires": true,
  "dependencies": {
    "canvas-compress": {
      "version": "1.1.5",
      "resolved": "https://registry.npmjs.org/canvas-compress/-/canvas-compress-1.1.5.tgz",
      "integrity": "sha1-zxNEM92vaZ7Tck2DX992IfbMuHc=",
      "requires": {
        "exif-js": "2.3.0"
      }
    },
    "canvas-png-compression": {
      "version": "0.0.3",
      "resolved": "https://registry.npmjs.org/canvas-png-compression/-/canvas-png-compression-0.0.3.tgz",
      "integrity": "sha1-geUAZdbbRLh3FDNkwEDzWtFA1NM=",
      "requires": {
        "pako": "0.2.9"
      }
    },
    "exif-js": {
      "version": "2.3.0",
      "resolved": "https://registry.npmjs.org/exif-js/-/exif-js-2.3.0.tgz",
      "integrity": "sha1-nRCBm/Vx+HOBPnZAJBJVq5zhqBQ="
    },
    "pako": {
      "version": "0.2.9",
      "resolved": "https://registry.npmjs.org/pako/-/pako-0.2.9.tgz",
      "integrity": "sha1-8/dSL073gjSNqBYbrZ7P1Rv4OnU="
    }
  }
}
